<Project ToolsVersion="4.0">

<ItemGroup><Filter Include="source" /><Filter Include="board" /><Filter Include="doc" /><Filter Include="drivers" /><Filter Include="device" /><Filter Include="utilities" /><Filter Include="component-uart" /><Filter Include="component-serial_manager" /><Filter Include="component-lists" /><Filter Include="startup" /><Filter Include="xip" /><Filter Include="CMSIS" /></ItemGroup><ItemGroup><None Include="../../Libraries/imxrt1052_Lib/startup/keil/startup_MIMXRT1052.s"><Filter>startup</Filter></None></ItemGroup><ItemGroup /><ItemGroup><Text Include="../readme.txt"><Filter>doc</Filter></Text></ItemGroup><ItemGroup><ClCompile Include="../hello_world.c"><Filter>source</Filter></ClCompile><ClCompile Include="../pin_mux.c"><Filter>board</Filter></ClCompile><ClCompile Include="../board.c"><Filter>board</Filter></ClCompile><ClCompile Include="../clock_config.c"><Filter>board</Filter></ClCompile><ClCompile Include="../../Libraries/imxrt1052_Lib/drivers/fsl_clock.c"><Filter>drivers</Filter></ClCompile><ClCompile Include="../../Libraries/imxrt1052_Lib/drivers/fsl_common.c"><Filter>drivers</Filter></ClCompile><ClCompile Include="../../Libraries/imxrt1052_Lib/drivers/fsl_lpuart.c"><Filter>drivers</Filter></ClCompile><ClCompile Include="../../Libraries/imxrt1052_Lib/drivers/fsl_gpio.c"><Filter>drivers</Filter></ClCompile><ClCompile Include="../../Libraries/imxrt1052_Lib/devices/system_MIMXRT1052.c"><Filter>device</Filter></ClCompile><ClCompile Include="../../Libraries/imxrt1052_Lib/utilities/debug_console/fsl_debug_console.c"><Filter>utilities</Filter></ClCompile><ClCompile Include="../../Libraries/imxrt1052_Lib/utilities/str/fsl_str.c"><Filter>utilities</Filter></ClCompile><ClCompile Include="../../Libraries/imxrt1052_Lib/utilities/fsl_assert.c"><Filter>utilities</Filter></ClCompile><ClCompile Include="../../Libraries/imxrt1052_Lib/components/uart/lpuart_adapter.c"><Filter>component-uart</Filter></ClCompile><ClCompile Include="../../Libraries/imxrt1052_Lib/components/serial_manager/serial_manager.c"><Filter>component-serial_manager</Filter></ClCompile><ClCompile Include="../../Libraries/imxrt1052_Lib/components/serial_manager/serial_port_uart.c"><Filter>component-serial_manager</Filter></ClCompile><ClCompile Include="../../Libraries/imxrt1052_Lib/components/lists/generic_list.c"><Filter>component-lists</Filter></ClCompile><ClCompile Include="../../Libraries/imxrt1052_Lib/xip/fsl_flexspi_nor_boot.c"><Filter>xip</Filter></ClCompile><ClCompile Include="..\..\Libraries\imxrt1052_Lib\xip\xip_config.c"><Filter>xip</Filter></ClCompile></ItemGroup><ItemGroup><ClInclude Include="../pin_mux.h"><Filter>board</Filter></ClInclude><ClInclude Include="../board.h"><Filter>board</Filter></ClInclude><ClInclude Include="../clock_config.h"><Filter>board</Filter></ClInclude><ClInclude Include="../../Libraries/imxrt1052_Lib/drivers/fsl_clock.h"><Filter>drivers</Filter></ClInclude><ClInclude Include="../../Libraries/imxrt1052_Lib/drivers/fsl_common.h"><Filter>drivers</Filter></ClInclude><ClInclude Include="../../Libraries/imxrt1052_Lib/drivers/fsl_lpuart.h"><Filter>drivers</Filter></ClInclude><ClInclude Include="../../Libraries/imxrt1052_Lib/drivers/fsl_iomuxc.h"><Filter>drivers</Filter></ClInclude><ClInclude Include="../../Libraries/imxrt1052_Lib/drivers/fsl_gpio.h"><Filter>drivers</Filter></ClInclude><ClInclude Include="../../Libraries/imxrt1052_Lib/devices/MIMXRT1052.h"><Filter>device</Filter></ClInclude><ClInclude Include="../../Libraries/imxrt1052_Lib/devices/MIMXRT1052_features.h"><Filter>device</Filter></ClInclude><ClInclude Include="../../Libraries/imxrt1052_Lib/devices/fsl_device_registers.h"><Filter>device</Filter></ClInclude><ClInclude Include="../../Libraries/imxrt1052_Lib/devices/system_MIMXRT1052.h"><Filter>device</Filter></ClInclude><ClInclude Include="../../Libraries/imxrt1052_Lib/utilities/debug_console/fsl_debug_console.h"><Filter>utilities</Filter></ClInclude><ClInclude Include="../../Libraries/imxrt1052_Lib/utilities/debug_console/fsl_debug_console_conf.h"><Filter>utilities</Filter></ClInclude><ClInclude Include="../../Libraries/imxrt1052_Lib/utilities/str/fsl_str.h"><Filter>utilities</Filter></ClInclude><ClInclude Include="../../Libraries/imxrt1052_Lib/components/uart/uart.h"><Filter>component-uart</Filter></ClInclude><ClInclude Include="../../Libraries/imxrt1052_Lib/components/serial_manager/serial_manager.h"><Filter>component-serial_manager</Filter></ClInclude><ClInclude Include="../../Libraries/imxrt1052_Lib/components/serial_manager/serial_port_internal.h"><Filter>component-serial_manager</Filter></ClInclude><ClInclude Include="../../Libraries/imxrt1052_Lib/components/serial_manager/serial_port_uart.h"><Filter>component-serial_manager</Filter></ClInclude><ClInclude Include="../../Libraries/imxrt1052_Lib/components/lists/generic_list.h"><Filter>component-lists</Filter></ClInclude><ClInclude Include="../../Libraries/imxrt1052_Lib/xip/fsl_flexspi_nor_boot.h"><Filter>xip</Filter></ClInclude><ClInclude Include="../../Libraries/imxrt1052_Lib/CMSIS/Include/core_cm7.h"><Filter>CMSIS</Filter></ClInclude><ClInclude Include="../../Libraries/imxrt1052_Lib/CMSIS/Include/cmsis_armcc.h"><Filter>CMSIS</Filter></ClInclude><ClInclude Include="../../Libraries/imxrt1052_Lib/CMSIS/Include/cmsis_armclang.h"><Filter>CMSIS</Filter></ClInclude><ClInclude Include="../../Libraries/imxrt1052_Lib/CMSIS/Include/cmsis_armclang_ltm.h"><Filter>CMSIS</Filter></ClInclude><ClInclude Include="../../Libraries/imxrt1052_Lib/CMSIS/Include/cmsis_compiler.h"><Filter>CMSIS</Filter></ClInclude><ClInclude Include="../../Libraries/imxrt1052_Lib/CMSIS/Include/cmsis_gcc.h"><Filter>CMSIS</Filter></ClInclude><ClInclude Include="../../Libraries/imxrt1052_Lib/CMSIS/Include/cmsis_iccarm.h"><Filter>CMSIS</Filter></ClInclude><ClInclude Include="../../Libraries/imxrt1052_Lib/CMSIS/Include/cmsis_version.h"><Filter>CMSIS</Filter></ClInclude><ClInclude Include="../../Libraries/imxrt1052_Lib/CMSIS/Include/core_armv81mml.h"><Filter>CMSIS</Filter></ClInclude><ClInclude Include="../../Libraries/imxrt1052_Lib/CMSIS/Include/core_armv8mbl.h"><Filter>CMSIS</Filter></ClInclude><ClInclude Include="../../Libraries/imxrt1052_Lib/CMSIS/Include/core_armv8mml.h"><Filter>CMSIS</Filter></ClInclude><ClInclude Include="../../Libraries/imxrt1052_Lib/CMSIS/Include/mpu_armv7.h"><Filter>CMSIS</Filter></ClInclude><ClInclude Include="../../Libraries/imxrt1052_Lib/CMSIS/Include/mpu_armv8.h"><Filter>CMSIS</Filter></ClInclude><ClInclude Include="../../Libraries/imxrt1052_Lib/CMSIS/Include/arm_common_tables.h"><Filter>CMSIS</Filter></ClInclude><ClInclude Include="../../Libraries/imxrt1052_Lib/CMSIS/Include/arm_const_structs.h"><Filter>CMSIS</Filter></ClInclude><ClInclude Include="../../Libraries/imxrt1052_Lib/CMSIS/Include/arm_math.h"><Filter>CMSIS</Filter></ClInclude></ItemGroup></Project>